
Microsoft Visual Studio Solution File, Format Version 12.00
# Visual Studio Version 17
VisualStudioVersion = 17.4.33213.308
MinimumVisualStudioVersion = 10.0.40219.1
Project("{9A19103F-16F7-4668-BE54-9A1E7A4F7556}") = "MercadoLibreApiDev", "MercadoLibreApiDev.csproj", "{21E06A28-C598-4B7F-9AAA-A4FD71E280A8}"
EndProject
Project("{2150E333-8FDC-42A3-9474-1A3956D46DE8}") = "MLApi", "MLApi", "{AF0948F4-46C8-4E15-92EE-88023E8FB05B}"
EndProject
Project("{9A19103F-16F7-4668-BE54-9A1E7A4F7556}") = "MLApiConnector", "..\MLApiConnector\MLApiConnector.csproj", "{03CF0205-76AA-4D9A-BFDC-C23CDA1C51CA}"
EndProject
Project("{2150E333-8FDC-42A3-9474-1A3956D46DE8}") = "Tests", "Tests", "{804F2529-DFE5-4E7C-9D62-9CB5F9131132}"
EndProject
Project("{2150E333-8FDC-42A3-9474-1A3956D46DE8}") = "UnitTests", "UnitTests", "{0E76C0D7-86C6-46D9-AE93-6C8F810E421D}"
EndProject
Project("{2150E333-8FDC-42A3-9474-1A3956D46DE8}") = "IntegrationTests", "IntegrationTests", "{0BDFA5D3-9C57-4DE9-A232-B437D5C84C2C}"
EndProject
Project("{9A19103F-16F7-4668-BE54-9A1E7A4F7556}") = "UnitTesting", "..\UnitTesting\UnitTesting.csproj", "{A81601A1-1F67-4AB3-BDEF-5B00705293FA}"
EndProject
Project("{2150E333-8FDC-42A3-9474-1A3956D46DE8}") = "DataEF", "DataEF", "{B600D37F-E5AF-4267-83B8-ADD70558B6DE}"
EndProject
Project("{9A19103F-16F7-4668-BE54-9A1E7A4F7556}") = "DataEF", "..\DataEF\DataEF.csproj", "{5E6CE90C-24F3-4265-8DE6-82C0289F49FD}"
EndProject
Project("{9A19103F-16F7-4668-BE54-9A1E7A4F7556}") = "AdminDataEF", "..\AdminDataEF\AdminDataEF.csproj", "{18447B03-2A6E-4657-BBE0-3358C0D64614}"
EndProject
Project("{2150E333-8FDC-42A3-9474-1A3956D46DE8}") = "Services", "Services", "{C57163D2-7AC8-41F6-938F-995337EEB430}"
EndProject
Project("{9A19103F-16F7-4668-BE54-9A1E7A4F7556}") = "MLApiServices", "..\MLApiServices\MLApiServices.csproj", "{BD7FAECF-00E0-45FD-82FD-EA9F6F21925F}"
EndProject
Project("{9A19103F-16F7-4668-BE54-9A1E7A4F7556}") = "MLApiContractors", "..\MLApiContractors\MLApiContractors.csproj", "{439709CF-9CB8-4511-B414-FCA0BB2CBD71}"
EndProject
Project("{2150E333-8FDC-42A3-9474-1A3956D46DE8}") = "DataTranferObjects", "DataTranferObjects", "{411F12BE-4D19-4D49-B449-8E2D21566EF6}"
EndProject
Project("{FAE04EC0-301F-11D3-BF4B-00C04F79EFBC}") = "MLApi.DTO", "..\MLApi.DTO\MLApi.DTO.csproj", "{9C5FC657-0880-4059-BB14-BD3866C2B42F}"
EndProject
Global
	GlobalSection(SolutionConfigurationPlatforms) = preSolution
		Debug|Any CPU = Debug|Any CPU
		Release|Any CPU = Release|Any CPU
	EndGlobalSection
	GlobalSection(ProjectConfigurationPlatforms) = postSolution
		{21E06A28-C598-4B7F-9AAA-A4FD71E280A8}.Debug|Any CPU.ActiveCfg = Debug|Any CPU
		{21E06A28-C598-4B7F-9AAA-A4FD71E280A8}.Debug|Any CPU.Build.0 = Debug|Any CPU
		{21E06A28-C598-4B7F-9AAA-A4FD71E280A8}.Release|Any CPU.ActiveCfg = Release|Any CPU
		{21E06A28-C598-4B7F-9AAA-A4FD71E280A8}.Release|Any CPU.Build.0 = Release|Any CPU
		{03CF0205-76AA-4D9A-BFDC-C23CDA1C51CA}.Debug|Any CPU.ActiveCfg = Debug|Any CPU
		{03CF0205-76AA-4D9A-BFDC-C23CDA1C51CA}.Debug|Any CPU.Build.0 = Debug|Any CPU
		{03CF0205-76AA-4D9A-BFDC-C23CDA1C51CA}.Release|Any CPU.ActiveCfg = Release|Any CPU
		{03CF0205-76AA-4D9A-BFDC-C23CDA1C51CA}.Release|Any CPU.Build.0 = Release|Any CPU
		{A81601A1-1F67-4AB3-BDEF-5B00705293FA}.Debug|Any CPU.ActiveCfg = Debug|Any CPU
		{A81601A1-1F67-4AB3-BDEF-5B00705293FA}.Debug|Any CPU.Build.0 = Debug|Any CPU
		{A81601A1-1F67-4AB3-BDEF-5B00705293FA}.Release|Any CPU.ActiveCfg = Release|Any CPU
		{A81601A1-1F67-4AB3-BDEF-5B00705293FA}.Release|Any CPU.Build.0 = Release|Any CPU
		{5E6CE90C-24F3-4265-8DE6-82C0289F49FD}.Debug|Any CPU.ActiveCfg = Debug|Any CPU
		{5E6CE90C-24F3-4265-8DE6-82C0289F49FD}.Debug|Any CPU.Build.0 = Debug|Any CPU
		{5E6CE90C-24F3-4265-8DE6-82C0289F49FD}.Release|Any CPU.ActiveCfg = Release|Any CPU
		{5E6CE90C-24F3-4265-8DE6-82C0289F49FD}.Release|Any CPU.Build.0 = Release|Any CPU
		{18447B03-2A6E-4657-BBE0-3358C0D64614}.Debug|Any CPU.ActiveCfg = Debug|Any CPU
		{18447B03-2A6E-4657-BBE0-3358C0D64614}.Debug|Any CPU.Build.0 = Debug|Any CPU
		{18447B03-2A6E-4657-BBE0-3358C0D64614}.Release|Any CPU.ActiveCfg = Release|Any CPU
		{18447B03-2A6E-4657-BBE0-3358C0D64614}.Release|Any CPU.Build.0 = Release|Any CPU
		{BD7FAECF-00E0-45FD-82FD-EA9F6F21925F}.Debug|Any CPU.ActiveCfg = Debug|Any CPU
		{BD7FAECF-00E0-45FD-82FD-EA9F6F21925F}.Debug|Any CPU.Build.0 = Debug|Any CPU
		{BD7FAECF-00E0-45FD-82FD-EA9F6F21925F}.Release|Any CPU.ActiveCfg = Release|Any CPU
		{BD7FAECF-00E0-45FD-82FD-EA9F6F21925F}.Release|Any CPU.Build.0 = Release|Any CPU
		{439709CF-9CB8-4511-B414-FCA0BB2CBD71}.Debug|Any CPU.ActiveCfg = Debug|Any CPU
		{439709CF-9CB8-4511-B414-FCA0BB2CBD71}.Debug|Any CPU.Build.0 = Debug|Any CPU
		{439709CF-9CB8-4511-B414-FCA0BB2CBD71}.Release|Any CPU.ActiveCfg = Release|Any CPU
		{439709CF-9CB8-4511-B414-FCA0BB2CBD71}.Release|Any CPU.Build.0 = Release|Any CPU
		{9C5FC657-0880-4059-BB14-BD3866C2B42F}.Debug|Any CPU.ActiveCfg = Debug|Any CPU
		{9C5FC657-0880-4059-BB14-BD3866C2B42F}.Debug|Any CPU.Build.0 = Debug|Any CPU
		{9C5FC657-0880-4059-BB14-BD3866C2B42F}.Release|Any CPU.ActiveCfg = Release|Any CPU
		{9C5FC657-0880-4059-BB14-BD3866C2B42F}.Release|Any CPU.Build.0 = Release|Any CPU
	EndGlobalSection
	GlobalSection(SolutionProperties) = preSolution
		HideSolutionNode = FALSE
	EndGlobalSection
	GlobalSection(NestedProjects) = preSolution
		{03CF0205-76AA-4D9A-BFDC-C23CDA1C51CA} = {AF0948F4-46C8-4E15-92EE-88023E8FB05B}
		{0E76C0D7-86C6-46D9-AE93-6C8F810E421D} = {804F2529-DFE5-4E7C-9D62-9CB5F9131132}
		{0BDFA5D3-9C57-4DE9-A232-B437D5C84C2C} = {804F2529-DFE5-4E7C-9D62-9CB5F9131132}
		{A81601A1-1F67-4AB3-BDEF-5B00705293FA} = {0E76C0D7-86C6-46D9-AE93-6C8F810E421D}
		{5E6CE90C-24F3-4265-8DE6-82C0289F49FD} = {B600D37F-E5AF-4267-83B8-ADD70558B6DE}
		{18447B03-2A6E-4657-BBE0-3358C0D64614} = {B600D37F-E5AF-4267-83B8-ADD70558B6DE}
		{BD7FAECF-00E0-45FD-82FD-EA9F6F21925F} = {C57163D2-7AC8-41F6-938F-995337EEB430}
		{439709CF-9CB8-4511-B414-FCA0BB2CBD71} = {C57163D2-7AC8-41F6-938F-995337EEB430}
		{9C5FC657-0880-4059-BB14-BD3866C2B42F} = {411F12BE-4D19-4D49-B449-8E2D21566EF6}
	EndGlobalSection
	GlobalSection(ExtensibilityGlobals) = postSolution
		SolutionGuid = {771F9BDE-B533-4F1D-A298-06F8AE1799CC}
	EndGlobalSection
EndGlobal
